
Microsoft Visual Studio Solution File, Format Version 11.00
# Visual Studio 2010
Project("{FAE04EC0-301F-11D3-BF4B-00C04F79EFBC}") = "Scorpion", "Src\Scorpion\Scorpion.csproj", "{35193146-7DB5-4CED-9247-6DD2C9048EAB}"
EndProject
Global
	GlobalSection(SolutionConfigurationPlatforms) = preSolution
		Debug|Any CPU = Debug|Any CPU
		Release|Any CPU = Release|Any CPU
	EndGlobalSection
	GlobalSection(ProjectConfigurationPlatforms) = postSolution
		{35193146-7DB5-4CED-9247-6DD2C9048EAB}.Debug|Any CPU.ActiveCfg = Debug|Any CPU
		{35193146-7DB5-4CED-9247-6DD2C9048EAB}.Debug|Any CPU.Build.0 = Debug|Any CPU
		{35193146-7DB5-4CED-9247-6DD2C9048EAB}.Release|Any CPU.ActiveCfg = Release|Any CPU
		{35193146-7DB5-4CED-9247-6DD2C9048EAB}.Release|Any CPU.Build.0 = Release|Any CPU
	EndGlobalSection
	GlobalSection(SolutionProperties) = preSolution
		HideSolutionNode = FALSE
	EndGlobalSection
EndGlobal
